
Microsoft Visual Studio Solution File, Format Version 12.00
# Visual Studio 15
VisualStudioVersion = 15.0.28307.1267
MinimumVisualStudioVersion = 10.0.40219.1
Project("{FAE04EC0-301F-11D3-BF4B-00C04F79EFBC}") = "EBSİmageChanger", "EBSİmageChanger\EBSİmageChanger.csproj", "{1968C349-B62E-4727-968D-6A222F047CD8}"
EndProject
Global
	GlobalSection(SolutionConfigurationPlatforms) = preSolution
		Debug|Any CPU = Debug|Any CPU
		Release|Any CPU = Release|Any CPU
	EndGlobalSection
	GlobalSection(ProjectConfigurationPlatforms) = postSolution
		{1968C349-B62E-4727-968D-6A222F047CD8}.Debug|Any CPU.ActiveCfg = Debug|Any CPU
		{1968C349-B62E-4727-968D-6A222F047CD8}.Debug|Any CPU.Build.0 = Debug|Any CPU
		{1968C349-B62E-4727-968D-6A222F047CD8}.Release|Any CPU.ActiveCfg = Release|Any CPU
		{1968C349-B62E-4727-968D-6A222F047CD8}.Release|Any CPU.Build.0 = Release|Any CPU
	EndGlobalSection
	GlobalSection(SolutionProperties) = preSolution
		HideSolutionNode = FALSE
	EndGlobalSection
	GlobalSection(ExtensibilityGlobals) = postSolution
		SolutionGuid = {E6B74936-ECDA-48A3-A59E-651CC5E0DE3B}
	EndGlobalSection
EndGlobal
